
Microsoft Visual Studio Solution File, Format Version 12.00
# Visual Studio 2012
Project("{FAE04EC0-301F-11D3-BF4B-00C04F79EFBC}") = "Chq.OAuth.WinRT", "Chq.OAuth.WinRT.csproj", "{C67880F4-EE9E-4E67-8BA2-D1C397F407D4}"
EndProject
Project("{FAE04EC0-301F-11D3-BF4B-00C04F79EFBC}") = "Chq.OAuth.Net", "Chq.OAuth.Net.csproj", "{CF5C8F20-5655-4F11-BDBC-5675D7476FC8}"
EndProject
Project("{2150E333-8FDC-42A3-9474-1A3956D46DE8}") = "Solution Items", "Solution Items", "{21866625-27E7-44C4-B5C0-A5A02EBEC6F5}"
	ProjectSection(SolutionItems) = preProject
		Chq.OAuth.nuspec = Chq.OAuth.nuspec
	EndProjectSection
EndProject
Global
	GlobalSection(SolutionConfigurationPlatforms) = preSolution
		Debug|ARM = Debug|ARM
		Debug|Any CPU = Debug|Any CPU
		Debug|x64 = Debug|x64
		Debug|x86 = Debug|x86
		Release|ARM = Release|ARM
		Release|Any CPU = Release|Any CPU
		Release|x64 = Release|x64
		Release|x86 = Release|x86
	EndGlobalSection
	GlobalSection(ProjectConfigurationPlatforms) = postSolution
		{C67880F4-EE9E-4E67-8BA2-D1C397F407D4}.Debug|ARM.ActiveCfg = Debug|ARM
		{C67880F4-EE9E-4E67-8BA2-D1C397F407D4}.Debug|ARM.Build.0 = Debug|ARM
		{C67880F4-EE9E-4E67-8BA2-D1C397F407D4}.Debug|Any CPU.ActiveCfg = Debug|Any CPU
		{C67880F4-EE9E-4E67-8BA2-D1C397F407D4}.Debug|Any CPU.Build.0 = Debug|Any CPU
		{C67880F4-EE9E-4E67-8BA2-D1C397F407D4}.Debug|x64.ActiveCfg = Debug|x64
		{C67880F4-EE9E-4E67-8BA2-D1C397F407D4}.Debug|x64.Build.0 = Debug|x64
		{C67880F4-EE9E-4E67-8BA2-D1C397F407D4}.Debug|x86.ActiveCfg = Debug|x86
		{C67880F4-EE9E-4E67-8BA2-D1C397F407D4}.Debug|x86.Build.0 = Debug|x86
		{C67880F4-EE9E-4E67-8BA2-D1C397F407D4}.Release|ARM.ActiveCfg = Release|ARM
		{C67880F4-EE9E-4E67-8BA2-D1C397F407D4}.Release|ARM.Build.0 = Release|ARM
		{C67880F4-EE9E-4E67-8BA2-D1C397F407D4}.Release|Any CPU.ActiveCfg = Release|Any CPU
		{C67880F4-EE9E-4E67-8BA2-D1C397F407D4}.Release|Any CPU.Build.0 = Release|Any CPU
		{C67880F4-EE9E-4E67-8BA2-D1C397F407D4}.Release|x64.ActiveCfg = Release|x64
		{C67880F4-EE9E-4E67-8BA2-D1C397F407D4}.Release|x64.Build.0 = Release|x64
		{C67880F4-EE9E-4E67-8BA2-D1C397F407D4}.Release|x86.ActiveCfg = Release|x86
		{C67880F4-EE9E-4E67-8BA2-D1C397F407D4}.Release|x86.Build.0 = Release|x86
		{CF5C8F20-5655-4F11-BDBC-5675D7476FC8}.Debug|ARM.ActiveCfg = Debug|Any CPU
		{CF5C8F20-5655-4F11-BDBC-5675D7476FC8}.Debug|Any CPU.ActiveCfg = Debug|Any CPU
		{CF5C8F20-5655-4F11-BDBC-5675D7476FC8}.Debug|Any CPU.Build.0 = Debug|Any CPU
		{CF5C8F20-5655-4F11-BDBC-5675D7476FC8}.Debug|x64.ActiveCfg = Debug|Any CPU
		{CF5C8F20-5655-4F11-BDBC-5675D7476FC8}.Debug|x86.ActiveCfg = Debug|Any CPU
		{CF5C8F20-5655-4F11-BDBC-5675D7476FC8}.Release|ARM.ActiveCfg = Release|Any CPU
		{CF5C8F20-5655-4F11-BDBC-5675D7476FC8}.Release|Any CPU.ActiveCfg = Release|Any CPU
		{CF5C8F20-5655-4F11-BDBC-5675D7476FC8}.Release|Any CPU.Build.0 = Release|Any CPU
		{CF5C8F20-5655-4F11-BDBC-5675D7476FC8}.Release|x64.ActiveCfg = Release|Any CPU
		{CF5C8F20-5655-4F11-BDBC-5675D7476FC8}.Release|x86.ActiveCfg = Release|Any CPU
	EndGlobalSection
	GlobalSection(SolutionProperties) = preSolution
		HideSolutionNode = FALSE
	EndGlobalSection
EndGlobal
